
Microsoft Visual Studio Solution File, Format Version 12.00
# Visual Studio Version 17
VisualStudioVersion = 17.6.33829.357
MinimumVisualStudioVersion = 10.0.40219.1
Project("{2150E333-8FDC-42A3-9474-1A3956D46DE8}") = "Services", "Services", "{5DDFA103-7C99-4A2A-81FC-73E314A5D064}"
EndProject
Project("{2150E333-8FDC-42A3-9474-1A3956D46DE8}") = "Catalog", "Catalog", "{AB1BA1C1-E5F1-4BE5-8649-FD47BF2CB399}"
EndProject
Project("{9A19103F-16F7-4668-BE54-9A1E7A4F7556}") = "AkademiPlusMicroService.Catalog", "Services\Catalog\AkademiPlusMicroService.Catalog\AkademiPlusMicroService.Catalog.csproj", "{E98D30FD-7DBB-4E46-9542-3AF8139B4FF5}"
EndProject
Project("{2150E333-8FDC-42A3-9474-1A3956D46DE8}") = "Shared", "Shared", "{7A7FF0FC-9CFA-453A-B02A-4D1F421A0588}"
EndProject
Project("{9A19103F-16F7-4668-BE54-9A1E7A4F7556}") = "AkademiPlusMicroService.Shared", "Shared\AkademiPlusMicroService.Shared\AkademiPlusMicroService.Shared.csproj", "{95ADA1FE-3604-4E85-89B8-CB637343B06F}"
EndProject
Project("{2150E333-8FDC-42A3-9474-1A3956D46DE8}") = "IdentityServer", "IdentityServer", "{711E182F-F0A3-49C0-AB4D-425137426979}"
EndProject
Project("{9A19103F-16F7-4668-BE54-9A1E7A4F7556}") = "AkademiPlus.IdentityServer", "IdentityServer\AkademiPlus.IdentityServer\AkademiPlus.IdentityServer.csproj", "{1103081B-C049-4D86-ADB5-1D00CBDED6A7}"
EndProject
Project("{2150E333-8FDC-42A3-9474-1A3956D46DE8}") = "Discount", "Discount", "{4B646810-2788-4367-9369-B543E5ED4816}"
EndProject
Project("{9A19103F-16F7-4668-BE54-9A1E7A4F7556}") = "AkademiPlusMicroService.Discount", "Services\Discount\AkademiPlusMicroService.Discount\AkademiPlusMicroService.Discount.csproj", "{4D72C8F9-C1E0-40F8-906D-0A25434ADD91}"
EndProject
Project("{2150E333-8FDC-42A3-9474-1A3956D46DE8}") = "Basket", "Basket", "{114DAC9D-CA63-4A04-BC6E-AD459BFA9ABB}"
EndProject
Project("{9A19103F-16F7-4668-BE54-9A1E7A4F7556}") = "AkademiPlusMicroService.Basket", "Services\Basket\AkademiPlusMicroService.Basket\AkademiPlusMicroService.Basket.csproj", "{6832C6BB-26A6-44A8-A5BF-7943D6569E84}"
EndProject
Project("{2150E333-8FDC-42A3-9474-1A3956D46DE8}") = "Order", "Order", "{ABE7608D-080C-43E9-BF80-65FDA7960B85}"
EndProject
Project("{2150E333-8FDC-42A3-9474-1A3956D46DE8}") = "Core", "Core", "{0BB9F14D-1A05-41AB-B9AA-0EC85812B54F}"
EndProject
Project("{2150E333-8FDC-42A3-9474-1A3956D46DE8}") = "Presentation", "Presentation", "{95FCE83A-1E98-4F71-B0C4-173763A15D7C}"
EndProject
Project("{9A19103F-16F7-4668-BE54-9A1E7A4F7556}") = "AkademiPlusMicroService.Services.Order.Core.Application", "Services\Order\Core\AkademiPlusMicroService.Services.Order.Core.Application\AkademiPlusMicroService.Services.Order.Core.Application.csproj", "{A5C9CFD1-9594-4243-9F67-91F42EEF9D7F}"
EndProject
Project("{9A19103F-16F7-4668-BE54-9A1E7A4F7556}") = "AkademiPlusMicroService.Services.Order.Core.Domain", "Services\Order\Core\AkademiPlusMicroService.Services.Order.Core.Domain\AkademiPlusMicroService.Services.Order.Core.Domain.csproj", "{E5C28580-6362-436D-86BB-0B90167C95C2}"
EndProject
Project("{9A19103F-16F7-4668-BE54-9A1E7A4F7556}") = "AkademiPlusMicroService.Services.Order.Presentation.API", "Services\Order\Presentation\AkademiPlusMicroService.Services.Order.Presentation.API\AkademiPlusMicroService.Services.Order.Presentation.API.csproj", "{FC1343B8-1C57-4E4E-9F97-E84E65D6720E}"
EndProject
Project("{2150E333-8FDC-42A3-9474-1A3956D46DE8}") = "Infrastructure", "Infrastructure", "{864C0A0B-BA6F-44FA-8F05-AF76BE59682A}"
EndProject
Project("{FAE04EC0-301F-11D3-BF4B-00C04F79EFBC}") = "IEAMicroService.Services.Order.Infrastructure.Persistence", "Services\Order\Infrastructure\IEAMicroService.Services.Order.Infrastructure.Persistence\IEAMicroService.Services.Order.Infrastructure.Persistence.csproj", "{61CDBC5F-89A3-4BBB-99BD-52B43FB4AD39}"
EndProject
Global
	GlobalSection(SolutionConfigurationPlatforms) = preSolution
		Debug|Any CPU = Debug|Any CPU
		Release|Any CPU = Release|Any CPU
	EndGlobalSection
	GlobalSection(ProjectConfigurationPlatforms) = postSolution
		{E98D30FD-7DBB-4E46-9542-3AF8139B4FF5}.Debug|Any CPU.ActiveCfg = Debug|Any CPU
		{E98D30FD-7DBB-4E46-9542-3AF8139B4FF5}.Debug|Any CPU.Build.0 = Debug|Any CPU
		{E98D30FD-7DBB-4E46-9542-3AF8139B4FF5}.Release|Any CPU.ActiveCfg = Release|Any CPU
		{E98D30FD-7DBB-4E46-9542-3AF8139B4FF5}.Release|Any CPU.Build.0 = Release|Any CPU
		{95ADA1FE-3604-4E85-89B8-CB637343B06F}.Debug|Any CPU.ActiveCfg = Debug|Any CPU
		{95ADA1FE-3604-4E85-89B8-CB637343B06F}.Debug|Any CPU.Build.0 = Debug|Any CPU
		{95ADA1FE-3604-4E85-89B8-CB637343B06F}.Release|Any CPU.ActiveCfg = Release|Any CPU
		{95ADA1FE-3604-4E85-89B8-CB637343B06F}.Release|Any CPU.Build.0 = Release|Any CPU
		{1103081B-C049-4D86-ADB5-1D00CBDED6A7}.Debug|Any CPU.ActiveCfg = Debug|Any CPU
		{1103081B-C049-4D86-ADB5-1D00CBDED6A7}.Debug|Any CPU.Build.0 = Debug|Any CPU
		{1103081B-C049-4D86-ADB5-1D00CBDED6A7}.Release|Any CPU.ActiveCfg = Release|Any CPU
		{1103081B-C049-4D86-ADB5-1D00CBDED6A7}.Release|Any CPU.Build.0 = Release|Any CPU
		{4D72C8F9-C1E0-40F8-906D-0A25434ADD91}.Debug|Any CPU.ActiveCfg = Debug|Any CPU
		{4D72C8F9-C1E0-40F8-906D-0A25434ADD91}.Debug|Any CPU.Build.0 = Debug|Any CPU
		{4D72C8F9-C1E0-40F8-906D-0A25434ADD91}.Release|Any CPU.ActiveCfg = Release|Any CPU
		{4D72C8F9-C1E0-40F8-906D-0A25434ADD91}.Release|Any CPU.Build.0 = Release|Any CPU
		{6832C6BB-26A6-44A8-A5BF-7943D6569E84}.Debug|Any CPU.ActiveCfg = Debug|Any CPU
		{6832C6BB-26A6-44A8-A5BF-7943D6569E84}.Debug|Any CPU.Build.0 = Debug|Any CPU
		{6832C6BB-26A6-44A8-A5BF-7943D6569E84}.Release|Any CPU.ActiveCfg = Release|Any CPU
		{6832C6BB-26A6-44A8-A5BF-7943D6569E84}.Release|Any CPU.Build.0 = Release|Any CPU
		{A5C9CFD1-9594-4243-9F67-91F42EEF9D7F}.Debug|Any CPU.ActiveCfg = Debug|Any CPU
		{A5C9CFD1-9594-4243-9F67-91F42EEF9D7F}.Debug|Any CPU.Build.0 = Debug|Any CPU
		{A5C9CFD1-9594-4243-9F67-91F42EEF9D7F}.Release|Any CPU.ActiveCfg = Release|Any CPU
		{A5C9CFD1-9594-4243-9F67-91F42EEF9D7F}.Release|Any CPU.Build.0 = Release|Any CPU
		{E5C28580-6362-436D-86BB-0B90167C95C2}.Debug|Any CPU.ActiveCfg = Debug|Any CPU
		{E5C28580-6362-436D-86BB-0B90167C95C2}.Debug|Any CPU.Build.0 = Debug|Any CPU
		{E5C28580-6362-436D-86BB-0B90167C95C2}.Release|Any CPU.ActiveCfg = Release|Any CPU
		{E5C28580-6362-436D-86BB-0B90167C95C2}.Release|Any CPU.Build.0 = Release|Any CPU
		{FC1343B8-1C57-4E4E-9F97-E84E65D6720E}.Debug|Any CPU.ActiveCfg = Debug|Any CPU
		{FC1343B8-1C57-4E4E-9F97-E84E65D6720E}.Debug|Any CPU.Build.0 = Debug|Any CPU
		{FC1343B8-1C57-4E4E-9F97-E84E65D6720E}.Release|Any CPU.ActiveCfg = Release|Any CPU
		{FC1343B8-1C57-4E4E-9F97-E84E65D6720E}.Release|Any CPU.Build.0 = Release|Any CPU
		{61CDBC5F-89A3-4BBB-99BD-52B43FB4AD39}.Debug|Any CPU.ActiveCfg = Debug|Any CPU
		{61CDBC5F-89A3-4BBB-99BD-52B43FB4AD39}.Debug|Any CPU.Build.0 = Debug|Any CPU
		{61CDBC5F-89A3-4BBB-99BD-52B43FB4AD39}.Release|Any CPU.ActiveCfg = Release|Any CPU
		{61CDBC5F-89A3-4BBB-99BD-52B43FB4AD39}.Release|Any CPU.Build.0 = Release|Any CPU
	EndGlobalSection
	GlobalSection(SolutionProperties) = preSolution
		HideSolutionNode = FALSE
	EndGlobalSection
	GlobalSection(NestedProjects) = preSolution
		{AB1BA1C1-E5F1-4BE5-8649-FD47BF2CB399} = {5DDFA103-7C99-4A2A-81FC-73E314A5D064}
		{E98D30FD-7DBB-4E46-9542-3AF8139B4FF5} = {AB1BA1C1-E5F1-4BE5-8649-FD47BF2CB399}
		{95ADA1FE-3604-4E85-89B8-CB637343B06F} = {7A7FF0FC-9CFA-453A-B02A-4D1F421A0588}
		{1103081B-C049-4D86-ADB5-1D00CBDED6A7} = {711E182F-F0A3-49C0-AB4D-425137426979}
		{4B646810-2788-4367-9369-B543E5ED4816} = {5DDFA103-7C99-4A2A-81FC-73E314A5D064}
		{4D72C8F9-C1E0-40F8-906D-0A25434ADD91} = {4B646810-2788-4367-9369-B543E5ED4816}
		{114DAC9D-CA63-4A04-BC6E-AD459BFA9ABB} = {5DDFA103-7C99-4A2A-81FC-73E314A5D064}
		{6832C6BB-26A6-44A8-A5BF-7943D6569E84} = {114DAC9D-CA63-4A04-BC6E-AD459BFA9ABB}
		{ABE7608D-080C-43E9-BF80-65FDA7960B85} = {5DDFA103-7C99-4A2A-81FC-73E314A5D064}
		{0BB9F14D-1A05-41AB-B9AA-0EC85812B54F} = {ABE7608D-080C-43E9-BF80-65FDA7960B85}
		{95FCE83A-1E98-4F71-B0C4-173763A15D7C} = {ABE7608D-080C-43E9-BF80-65FDA7960B85}
		{A5C9CFD1-9594-4243-9F67-91F42EEF9D7F} = {0BB9F14D-1A05-41AB-B9AA-0EC85812B54F}
		{E5C28580-6362-436D-86BB-0B90167C95C2} = {0BB9F14D-1A05-41AB-B9AA-0EC85812B54F}
		{FC1343B8-1C57-4E4E-9F97-E84E65D6720E} = {95FCE83A-1E98-4F71-B0C4-173763A15D7C}
		{864C0A0B-BA6F-44FA-8F05-AF76BE59682A} = {ABE7608D-080C-43E9-BF80-65FDA7960B85}
		{61CDBC5F-89A3-4BBB-99BD-52B43FB4AD39} = {864C0A0B-BA6F-44FA-8F05-AF76BE59682A}
	EndGlobalSection
	GlobalSection(ExtensibilityGlobals) = postSolution
		SolutionGuid = {23501C53-D97F-46A4-8B8A-D2DCB83DF9DF}
	EndGlobalSection
EndGlobal
